
Microsoft Visual Studio Solution File, Format Version 12.00
# Visual Studio Version 17
VisualStudioVersion = 17.11.35327.3
MinimumVisualStudioVersion = 10.0.40219.1
Project("{9A19103F-16F7-4668-BE54-9A1E7A4F7556}") = "Data", "Data\Data.csproj", "{136A5A37-7D00-4E51-8A51-35316D6B61B9}"
EndProject
Project("{FAE04EC0-301F-11D3-BF4B-00C04F79EFBC}") = "Controller", "Controller\Controller.csproj", "{8CCAE665-C1F4-4BF0-BC98-46C645A70E73}"
EndProject
Project("{FAE04EC0-301F-11D3-BF4B-00C04F79EFBC}") = "Home", "Home\Home.csproj", "{2B690543-54E9-4165-857F-DA0068D8CFF6}"
EndProject
Project("{FAE04EC0-301F-11D3-BF4B-00C04F79EFBC}") = "ControllersTestProject", "ControllersTestProject\ControllersTestProject.csproj", "{B4B368EC-FDA2-4211-A882-2EDD1618B245}"
EndProject
Global
	GlobalSection(SolutionConfigurationPlatforms) = preSolution
		Debug|Any CPU = Debug|Any CPU
		Release|Any CPU = Release|Any CPU
	EndGlobalSection
	GlobalSection(ProjectConfigurationPlatforms) = postSolution
		{136A5A37-7D00-4E51-8A51-35316D6B61B9}.Debug|Any CPU.ActiveCfg = Debug|Any CPU
		{136A5A37-7D00-4E51-8A51-35316D6B61B9}.Debug|Any CPU.Build.0 = Debug|Any CPU
		{136A5A37-7D00-4E51-8A51-35316D6B61B9}.Release|Any CPU.ActiveCfg = Release|Any CPU
		{136A5A37-7D00-4E51-8A51-35316D6B61B9}.Release|Any CPU.Build.0 = Release|Any CPU
		{8CCAE665-C1F4-4BF0-BC98-46C645A70E73}.Debug|Any CPU.ActiveCfg = Debug|Any CPU
		{8CCAE665-C1F4-4BF0-BC98-46C645A70E73}.Debug|Any CPU.Build.0 = Debug|Any CPU
		{8CCAE665-C1F4-4BF0-BC98-46C645A70E73}.Release|Any CPU.ActiveCfg = Release|Any CPU
		{8CCAE665-C1F4-4BF0-BC98-46C645A70E73}.Release|Any CPU.Build.0 = Release|Any CPU
		{2B690543-54E9-4165-857F-DA0068D8CFF6}.Debug|Any CPU.ActiveCfg = Debug|Any CPU
		{2B690543-54E9-4165-857F-DA0068D8CFF6}.Debug|Any CPU.Build.0 = Debug|Any CPU
		{2B690543-54E9-4165-857F-DA0068D8CFF6}.Release|Any CPU.ActiveCfg = Release|Any CPU
		{2B690543-54E9-4165-857F-DA0068D8CFF6}.Release|Any CPU.Build.0 = Release|Any CPU
		{B4B368EC-FDA2-4211-A882-2EDD1618B245}.Debug|Any CPU.ActiveCfg = Debug|Any CPU
		{B4B368EC-FDA2-4211-A882-2EDD1618B245}.Debug|Any CPU.Build.0 = Debug|Any CPU
		{B4B368EC-FDA2-4211-A882-2EDD1618B245}.Release|Any CPU.ActiveCfg = Release|Any CPU
		{B4B368EC-FDA2-4211-A882-2EDD1618B245}.Release|Any CPU.Build.0 = Release|Any CPU
	EndGlobalSection
	GlobalSection(SolutionProperties) = preSolution
		HideSolutionNode = FALSE
	EndGlobalSection
	GlobalSection(ExtensibilityGlobals) = postSolution
		SolutionGuid = {17528393-D776-4364-82E9-11B9823763AF}
	EndGlobalSection
EndGlobal
